
Microsoft Visual Studio Solution File, Format Version 12.00
# Visual Studio Version 17
VisualStudioVersion = 17.11.35219.272
MinimumVisualStudioVersion = 10.0.40219.1
Project("{FAE04EC0-301F-11D3-BF4B-00C04F79EFBC}") = "Hotel", "Hotel.csproj", "{93C820D1-830B-43BB-9C9B-B0C0076C1788}"
EndProject
Project("{FAE04EC0-301F-11D3-BF4B-00C04F79EFBC}") = "Hotel_Buisness", "..\Hotel_Buisness\Hotel_Buisness.csproj", "{9D42F4B3-6609-43F5-8853-F178298FBD80}"
EndProject
Project("{FAE04EC0-301F-11D3-BF4B-00C04F79EFBC}") = "Hotel_DataAccess", "..\Hotel_DataAccess\Hotel_DataAccess.csproj", "{CB0CA385-3628-4967-991C-C7304776AAF2}"
EndProject
Global
	GlobalSection(SolutionConfigurationPlatforms) = preSolution
		Debug|Any CPU = Debug|Any CPU
		Release|Any CPU = Release|Any CPU
	EndGlobalSection
	GlobalSection(ProjectConfigurationPlatforms) = postSolution
		{93C820D1-830B-43BB-9C9B-B0C0076C1788}.Debug|Any CPU.ActiveCfg = Debug|Any CPU
		{93C820D1-830B-43BB-9C9B-B0C0076C1788}.Debug|Any CPU.Build.0 = Debug|Any CPU
		{93C820D1-830B-43BB-9C9B-B0C0076C1788}.Release|Any CPU.ActiveCfg = Release|Any CPU
		{93C820D1-830B-43BB-9C9B-B0C0076C1788}.Release|Any CPU.Build.0 = Release|Any CPU
		{9D42F4B3-6609-43F5-8853-F178298FBD80}.Debug|Any CPU.ActiveCfg = Debug|Any CPU
		{9D42F4B3-6609-43F5-8853-F178298FBD80}.Debug|Any CPU.Build.0 = Debug|Any CPU
		{9D42F4B3-6609-43F5-8853-F178298FBD80}.Release|Any CPU.ActiveCfg = Release|Any CPU
		{9D42F4B3-6609-43F5-8853-F178298FBD80}.Release|Any CPU.Build.0 = Release|Any CPU
		{CB0CA385-3628-4967-991C-C7304776AAF2}.Debug|Any CPU.ActiveCfg = Debug|Any CPU
		{CB0CA385-3628-4967-991C-C7304776AAF2}.Debug|Any CPU.Build.0 = Debug|Any CPU
		{CB0CA385-3628-4967-991C-C7304776AAF2}.Release|Any CPU.ActiveCfg = Release|Any CPU
		{CB0CA385-3628-4967-991C-C7304776AAF2}.Release|Any CPU.Build.0 = Release|Any CPU
	EndGlobalSection
	GlobalSection(SolutionProperties) = preSolution
		HideSolutionNode = FALSE
	EndGlobalSection
	GlobalSection(ExtensibilityGlobals) = postSolution
		SolutionGuid = {BD9B1151-8F2C-48F8-A073-E6635EAFBB1C}
	EndGlobalSection
EndGlobal
